// !$*UTF8*$!
{
	archiveVersion = 1;
	classes = {
	};
	objectVersion = 56;
	objects = {

/* Begin PBXBuildFile section */
		DB2FEE22296D333200167BA4 /* NormalSettingView.swift in Sources */ = {isa = PBXBuildFile; fileRef = DB2FEE21296D333200167BA4 /* NormalSettingView.swift */; };
		DB2FEE23296D333200167BA4 /* NormalSettingView.swift in Sources */ = {isa = PBXBuildFile; fileRef = DB2FEE21296D333200167BA4 /* NormalSettingView.swift */; };
		DB2FEE24296D333200167BA4 /* NormalSettingView.swift in Sources */ = {isa = PBXBuildFile; fileRef = DB2FEE21296D333200167BA4 /* NormalSettingView.swift */; };
		DB2FEE25296D333200167BA4 /* NormalSettingView.swift in Sources */ = {isa = PBXBuildFile; fileRef = DB2FEE21296D333200167BA4 /* NormalSettingView.swift */; };
		DB2FEE27296D382C00167BA4 /* DoDreamDesView.swift in Sources */ = {isa = PBXBuildFile; fileRef = DB2FEE26296D382C00167BA4 /* DoDreamDesView.swift */; };
		DB2FEE28296D382C00167BA4 /* DoDreamDesView.swift in Sources */ = {isa = PBXBuildFile; fileRef = DB2FEE26296D382C00167BA4 /* DoDreamDesView.swift */; };
		DB2FEE29296D382C00167BA4 /* DoDreamDesView.swift in Sources */ = {isa = PBXBuildFile; fileRef = DB2FEE26296D382C00167BA4 /* DoDreamDesView.swift */; };
		DB2FEE2A296D382C00167BA4 /* DoDreamDesView.swift in Sources */ = {isa = PBXBuildFile; fileRef = DB2FEE26296D382C00167BA4 /* DoDreamDesView.swift */; };
		DB3BE8CD293E380600248E00 /* ListRowView.swift in Sources */ = {isa = PBXBuildFile; fileRef = DB3BE8CC293E380600248E00 /* ListRowView.swift */; };
		DB3BE8CF293E48B200248E00 /* AddView.swift in Sources */ = {isa = PBXBuildFile; fileRef = DB3BE8CE293E48B200248E00 /* AddView.swift */; };
		DB3BE8D1293F788700248E00 /* ItemModel.swift in Sources */ = {isa = PBXBuildFile; fileRef = DB3BE8D0293F788700248E00 /* ItemModel.swift */; };
		DB3BE8D52940DE4F00248E00 /* ListViewModel.swift in Sources */ = {isa = PBXBuildFile; fileRef = DB3BE8D42940DE4F00248E00 /* ListViewModel.swift */; };
		DB4541B729461E5D004E5DC7 /* DateValue.swift in Sources */ = {isa = PBXBuildFile; fileRef = DB4541B629461E5D004E5DC7 /* DateValue.swift */; };
		DB485A202944DC3100C82D5B /* WidgetKit.framework in Frameworks */ = {isa = PBXBuildFile; fileRef = DB485A1F2944DC3100C82D5B /* WidgetKit.framework */; };
		DB485A222944DC3100C82D5B /* SwiftUI.framework in Frameworks */ = {isa = PBXBuildFile; fileRef = DB485A212944DC3100C82D5B /* SwiftUI.framework */; };
		DB5101E329631C01000A8BBB /* UIDevice.swift in Sources */ = {isa = PBXBuildFile; fileRef = DB5101E229631C01000A8BBB /* UIDevice.swift */; };
		DB687F84295FDEA6000AE74A /* NoItemView.swift in Sources */ = {isa = PBXBuildFile; fileRef = DB687F83295FDEA6000AE74A /* NoItemView.swift */; };
		DB7037C4292F4A84000E2881 /* FirstProjectApp.swift in Sources */ = {isa = PBXBuildFile; fileRef = DB7037C3292F4A84000E2881 /* FirstProjectApp.swift */; };
		DB7037C6292F4A84000E2881 /* ContentView.swift in Sources */ = {isa = PBXBuildFile; fileRef = DB7037C5292F4A84000E2881 /* ContentView.swift */; };
		DB7037C8292F4A85000E2881 /* Assets.xcassets in Resources */ = {isa = PBXBuildFile; fileRef = DB7037C7292F4A85000E2881 /* Assets.xcassets */; };
		DB7037CB292F4A85000E2881 /* Preview Assets.xcassets in Resources */ = {isa = PBXBuildFile; fileRef = DB7037CA292F4A85000E2881 /* Preview Assets.xcassets */; };
		DB7037D5292F4A85000E2881 /* DoDreamTests.swift in Sources */ = {isa = PBXBuildFile; fileRef = DB7037D4292F4A85000E2881 /* DoDreamTests.swift */; };
		DB7037DF292F4A85000E2881 /* DoDreamUITests.swift in Sources */ = {isa = PBXBuildFile; fileRef = DB7037DE292F4A85000E2881 /* DoDreamUITests.swift */; };
		DB7037E1292F4A85000E2881 /* DoDreamUITestsLaunchTests.swift in Sources */ = {isa = PBXBuildFile; fileRef = DB7037E0292F4A85000E2881 /* DoDreamUITestsLaunchTests.swift */; };
		DB7037EE29325369000E2881 /* MyProjectCard.swift in Sources */ = {isa = PBXBuildFile; fileRef = DB7037ED29325369000E2881 /* MyProjectCard.swift */; };
		DB7037F22933584E000E2881 /* TabBox.swift in Sources */ = {isa = PBXBuildFile; fileRef = DB7037F12933584E000E2881 /* TabBox.swift */; };
		DB748C782967179E002DD920 /* TaskModel.swift in Sources */ = {isa = PBXBuildFile; fileRef = DB748C772967179E002DD920 /* TaskModel.swift */; };
		DB748C8129681B7D002DD920 /* ElegantCalendar in Frameworks */ = {isa = PBXBuildFile; productRef = DB748C8029681B7D002DD920 /* ElegantCalendar */; };
		DB77B7D82963BF98006B3505 /* SwiftUIMailView.swift in Sources */ = {isa = PBXBuildFile; fileRef = DB77B7D72963BF98006B3505 /* SwiftUIMailView.swift */; };
		DB77B7D92963BF98006B3505 /* SwiftUIMailView.swift in Sources */ = {isa = PBXBuildFile; fileRef = DB77B7D72963BF98006B3505 /* SwiftUIMailView.swift */; };
		DB77B7DA2963BF98006B3505 /* SwiftUIMailView.swift in Sources */ = {isa = PBXBuildFile; fileRef = DB77B7D72963BF98006B3505 /* SwiftUIMailView.swift */; };
		DB77B7DB2963BF98006B3505 /* SwiftUIMailView.swift in Sources */ = {isa = PBXBuildFile; fileRef = DB77B7D72963BF98006B3505 /* SwiftUIMailView.swift */; };
		DB8FF32F293A400300518174 /* ListView.swift in Sources */ = {isa = PBXBuildFile; fileRef = DB8FF32E293A400300518174 /* ListView.swift */; };
		DBBFA92B2968691800A72B53 /* TaskViewModel.swift in Sources */ = {isa = PBXBuildFile; fileRef = DBBFA92A2968691800A72B53 /* TaskViewModel.swift */; };
		DBBFA92C2968691800A72B53 /* TaskViewModel.swift in Sources */ = {isa = PBXBuildFile; fileRef = DBBFA92A2968691800A72B53 /* TaskViewModel.swift */; };
		DBBFA92D2968691800A72B53 /* TaskViewModel.swift in Sources */ = {isa = PBXBuildFile; fileRef = DBBFA92A2968691800A72B53 /* TaskViewModel.swift */; };
		DBBFA92E2968691800A72B53 /* TaskViewModel.swift in Sources */ = {isa = PBXBuildFile; fileRef = DBBFA92A2968691800A72B53 /* TaskViewModel.swift */; };
		DBBFA9322968692600A72B53 /* TaskAddView.swift in Sources */ = {isa = PBXBuildFile; fileRef = DBBFA92F2968692600A72B53 /* TaskAddView.swift */; };
		DBBFA9332968692600A72B53 /* TaskAddView.swift in Sources */ = {isa = PBXBuildFile; fileRef = DBBFA92F2968692600A72B53 /* TaskAddView.swift */; };
		DBBFA9342968692600A72B53 /* TaskAddView.swift in Sources */ = {isa = PBXBuildFile; fileRef = DBBFA92F2968692600A72B53 /* TaskAddView.swift */; };
		DBBFA9352968692600A72B53 /* TaskAddView.swift in Sources */ = {isa = PBXBuildFile; fileRef = DBBFA92F2968692600A72B53 /* TaskAddView.swift */; };
		DBBFA9362968692600A72B53 /* DynamicFilteredView.swift in Sources */ = {isa = PBXBuildFile; fileRef = DBBFA9302968692600A72B53 /* DynamicFilteredView.swift */; };
		DBBFA9372968692600A72B53 /* DynamicFilteredView.swift in Sources */ = {isa = PBXBuildFile; fileRef = DBBFA9302968692600A72B53 /* DynamicFilteredView.swift */; };
		DBBFA9382968692600A72B53 /* DynamicFilteredView.swift in Sources */ = {isa = PBXBuildFile; fileRef = DBBFA9302968692600A72B53 /* DynamicFilteredView.swift */; };
		DBBFA9392968692600A72B53 /* DynamicFilteredView.swift in Sources */ = {isa = PBXBuildFile; fileRef = DBBFA9302968692600A72B53 /* DynamicFilteredView.swift */; };
		DBBFA93A2968692600A72B53 /* AddNewTask.swift in Sources */ = {isa = PBXBuildFile; fileRef = DBBFA9312968692600A72B53 /* AddNewTask.swift */; };
		DBBFA93B2968692600A72B53 /* AddNewTask.swift in Sources */ = {isa = PBXBuildFile; fileRef = DBBFA9312968692600A72B53 /* AddNewTask.swift */; };
		DBBFA93C2968692600A72B53 /* AddNewTask.swift in Sources */ = {isa = PBXBuildFile; fileRef = DBBFA9312968692600A72B53 /* AddNewTask.swift */; };
		DBBFA93D2968692600A72B53 /* AddNewTask.swift in Sources */ = {isa = PBXBuildFile; fileRef = DBBFA9312968692600A72B53 /* AddNewTask.swift */; };
		DBBFA9402968693700A72B53 /* Task_Manager.xcdatamodeld in Sources */ = {isa = PBXBuildFile; fileRef = DBBFA93E2968693700A72B53 /* Task_Manager.xcdatamodeld */; };
		DBBFA9412968693700A72B53 /* Task_Manager.xcdatamodeld in Sources */ = {isa = PBXBuildFile; fileRef = DBBFA93E2968693700A72B53 /* Task_Manager.xcdatamodeld */; };
		DBBFA9422968693700A72B53 /* Task_Manager.xcdatamodeld in Sources */ = {isa = PBXBuildFile; fileRef = DBBFA93E2968693700A72B53 /* Task_Manager.xcdatamodeld */; };
		DBBFA9432968693700A72B53 /* Task_Manager.xcdatamodeld in Sources */ = {isa = PBXBuildFile; fileRef = DBBFA93E2968693700A72B53 /* Task_Manager.xcdatamodeld */; };
		DBBFA94A2968694A00A72B53 /* TaskMainView.swift in Sources */ = {isa = PBXBuildFile; fileRef = DBBFA9492968694A00A72B53 /* TaskMainView.swift */; };
		DBBFA94B2968694A00A72B53 /* TaskMainView.swift in Sources */ = {isa = PBXBuildFile; fileRef = DBBFA9492968694A00A72B53 /* TaskMainView.swift */; };
		DBBFA94C2968694A00A72B53 /* TaskMainView.swift in Sources */ = {isa = PBXBuildFile; fileRef = DBBFA9492968694A00A72B53 /* TaskMainView.swift */; };
		DBBFA94D2968694A00A72B53 /* TaskMainView.swift in Sources */ = {isa = PBXBuildFile; fileRef = DBBFA9492968694A00A72B53 /* TaskMainView.swift */; };
		DBBFA94F2968696900A72B53 /* Persistence.swift in Sources */ = {isa = PBXBuildFile; fileRef = DBBFA94E2968696900A72B53 /* Persistence.swift */; };
		DBBFA9502968696900A72B53 /* Persistence.swift in Sources */ = {isa = PBXBuildFile; fileRef = DBBFA94E2968696900A72B53 /* Persistence.swift */; };
		DBBFA9512968696900A72B53 /* Persistence.swift in Sources */ = {isa = PBXBuildFile; fileRef = DBBFA94E2968696900A72B53 /* Persistence.swift */; };
		DBBFA9522968696900A72B53 /* Persistence.swift in Sources */ = {isa = PBXBuildFile; fileRef = DBBFA94E2968696900A72B53 /* Persistence.swift */; };
		DBD744672933A6C0004C9392 /* FormattedDate.swift in Sources */ = {isa = PBXBuildFile; fileRef = DBD744662933A6C0004C9392 /* FormattedDate.swift */; };
		DBF84A92296E948E00249CF9 /* MailModel.swift in Sources */ = {isa = PBXBuildFile; fileRef = DBF84A91296E948E00249CF9 /* MailModel.swift */; };
		DBF84A93296E948E00249CF9 /* MailModel.swift in Sources */ = {isa = PBXBuildFile; fileRef = DBF84A91296E948E00249CF9 /* MailModel.swift */; };
		DBF84A94296E948E00249CF9 /* MailModel.swift in Sources */ = {isa = PBXBuildFile; fileRef = DBF84A91296E948E00249CF9 /* MailModel.swift */; };
		DBF84A95296E948E00249CF9 /* MailModel.swift in Sources */ = {isa = PBXBuildFile; fileRef = DBF84A91296E948E00249CF9 /* MailModel.swift */; };
		DBF84A97296E953D00249CF9 /* MailView.swift in Sources */ = {isa = PBXBuildFile; fileRef = DBF84A96296E953D00249CF9 /* MailView.swift */; };
		DBF84A98296E953D00249CF9 /* MailView.swift in Sources */ = {isa = PBXBuildFile; fileRef = DBF84A96296E953D00249CF9 /* MailView.swift */; };
		DBF84A99296E953D00249CF9 /* MailView.swift in Sources */ = {isa = PBXBuildFile; fileRef = DBF84A96296E953D00249CF9 /* MailView.swift */; };
		DBF84A9A296E953D00249CF9 /* MailView.swift in Sources */ = {isa = PBXBuildFile; fileRef = DBF84A96296E953D00249CF9 /* MailView.swift */; };
		DBF84A9C296E960600249CF9 /* Constants.swift in Sources */ = {isa = PBXBuildFile; fileRef = DBF84A9B296E960600249CF9 /* Constants.swift */; };
		DBF84A9D296E960600249CF9 /* Constants.swift in Sources */ = {isa = PBXBuildFile; fileRef = DBF84A9B296E960600249CF9 /* Constants.swift */; };
		DBF84A9E296E960600249CF9 /* Constants.swift in Sources */ = {isa = PBXBuildFile; fileRef = DBF84A9B296E960600249CF9 /* Constants.swift */; };
		DBF84A9F296E960600249CF9 /* Constants.swift in Sources */ = {isa = PBXBuildFile; fileRef = DBF84A9B296E960600249CF9 /* Constants.swift */; };
		DBF84AA6296E9AAE00249CF9 /* NotiView.swift in Sources */ = {isa = PBXBuildFile; fileRef = DBF84AA5296E9AAE00249CF9 /* NotiView.swift */; };
		DBF84AA7296E9AAE00249CF9 /* NotiView.swift in Sources */ = {isa = PBXBuildFile; fileRef = DBF84AA5296E9AAE00249CF9 /* NotiView.swift */; };
		DBF84AA8296E9AAE00249CF9 /* NotiView.swift in Sources */ = {isa = PBXBuildFile; fileRef = DBF84AA5296E9AAE00249CF9 /* NotiView.swift */; };
		DBF84AA9296E9AAE00249CF9 /* NotiView.swift in Sources */ = {isa = PBXBuildFile; fileRef = DBF84AA5296E9AAE00249CF9 /* NotiView.swift */; };
/* End PBXBuildFile section */

/* Begin PBXContainerItemProxy section */
		DB485A302944DC3300C82D5B /* PBXContainerItemProxy */ = {
			isa = PBXContainerItemProxy;
			containerPortal = DB7037B8292F4A84000E2881 /* Project object */;
			proxyType = 1;
			remoteGlobalIDString = DB485A1C2944DC3100C82D5B;
			remoteInfo = DoDreamExtension;
		};
		DB7037D1292F4A85000E2881 /* PBXContainerItemProxy */ = {
			isa = PBXContainerItemProxy;
			containerPortal = DB7037B8292F4A84000E2881 /* Project object */;
			proxyType = 1;
			remoteGlobalIDString = DB7037BF292F4A84000E2881;
			remoteInfo = FirstProject;
		};
		DB7037DB292F4A85000E2881 /* PBXContainerItemProxy */ = {
			isa = PBXContainerItemProxy;
			containerPortal = DB7037B8292F4A84000E2881 /* Project object */;
			proxyType = 1;
			remoteGlobalIDString = DB7037BF292F4A84000E2881;
			remoteInfo = FirstProject;
		};
/* End PBXContainerItemProxy section */

/* Begin PBXCopyFilesBuildPhase section */
		DB485A332944DC3300C82D5B /* Embed Foundation Extensions */ = {
			isa = PBXCopyFilesBuildPhase;
			buildActionMask = 2147483647;
			dstPath = "";
			dstSubfolderSpec = 13;
			files = (
			);
			name = "Embed Foundation Extensions";
			runOnlyForDeploymentPostprocessing = 0;
		};
/* End PBXCopyFilesBuildPhase section */

/* Begin PBXFileReference section */
		DB2FEE21296D333200167BA4 /* NormalSettingView.swift */ = {isa = PBXFileReference; lastKnownFileType = sourcecode.swift; path = NormalSettingView.swift; sourceTree = "<group>"; };
		DB2FEE26296D382C00167BA4 /* DoDreamDesView.swift */ = {isa = PBXFileReference; lastKnownFileType = sourcecode.swift; path = DoDreamDesView.swift; sourceTree = "<group>"; };
		DB3BE8C6293E1CBC00248E00 /* DoDreamTests.xctest */ = {isa = PBXFileReference; explicitFileType = wrapper.cfbundle; includeInIndex = 0; path = DoDreamTests.xctest; sourceTree = BUILT_PRODUCTS_DIR; };
		DB3BE8C7293E1CBC00248E00 /* DoDreamUITests.xctest */ = {isa = PBXFileReference; explicitFileType = wrapper.cfbundle; includeInIndex = 0; path = DoDreamUITests.xctest; sourceTree = BUILT_PRODUCTS_DIR; };
		DB3BE8CC293E380600248E00 /* ListRowView.swift */ = {isa = PBXFileReference; lastKnownFileType = sourcecode.swift; path = ListRowView.swift; sourceTree = "<group>"; };
		DB3BE8CE293E48B200248E00 /* AddView.swift */ = {isa = PBXFileReference; lastKnownFileType = sourcecode.swift; path = AddView.swift; sourceTree = "<group>"; };
		DB3BE8D0293F788700248E00 /* ItemModel.swift */ = {isa = PBXFileReference; lastKnownFileType = sourcecode.swift; path = ItemModel.swift; sourceTree = "<group>"; };
		DB3BE8D42940DE4F00248E00 /* ListViewModel.swift */ = {isa = PBXFileReference; lastKnownFileType = sourcecode.swift; path = ListViewModel.swift; sourceTree = "<group>"; };
		DB4541A42944FA6E004E5DC7 /* FirstProject.entitlements */ = {isa = PBXFileReference; lastKnownFileType = text.plist.entitlements; path = FirstProject.entitlements; sourceTree = "<group>"; };
		DB4541B629461E5D004E5DC7 /* DateValue.swift */ = {isa = PBXFileReference; lastKnownFileType = sourcecode.swift; path = DateValue.swift; sourceTree = "<group>"; };
		DB4541C1294EC500004E5DC7 /* DoDreamExtension.appex */ = {isa = PBXFileReference; explicitFileType = "wrapper.app-extension"; includeInIndex = 0; path = DoDreamExtension.appex; sourceTree = BUILT_PRODUCTS_DIR; };
		DB485A1F2944DC3100C82D5B /* WidgetKit.framework */ = {isa = PBXFileReference; lastKnownFileType = wrapper.framework; name = WidgetKit.framework; path = System/Library/Frameworks/WidgetKit.framework; sourceTree = SDKROOT; };
		DB485A212944DC3100C82D5B /* SwiftUI.framework */ = {isa = PBXFileReference; lastKnownFileType = wrapper.framework; name = SwiftUI.framework; path = System/Library/Frameworks/SwiftUI.framework; sourceTree = SDKROOT; };
		DB5101E229631C01000A8BBB /* UIDevice.swift */ = {isa = PBXFileReference; lastKnownFileType = sourcecode.swift; path = UIDevice.swift; sourceTree = "<group>"; };
		DB687F83295FDEA6000AE74A /* NoItemView.swift */ = {isa = PBXFileReference; lastKnownFileType = sourcecode.swift; path = NoItemView.swift; sourceTree = "<group>"; };
		DB687F8529608318000AE74A /* Info.plist */ = {isa = PBXFileReference; lastKnownFileType = text.plist.xml; name = Info.plist; path = DoDream/Info.plist; sourceTree = "<group>"; };
		DB7037C3292F4A84000E2881 /* FirstProjectApp.swift */ = {isa = PBXFileReference; lastKnownFileType = sourcecode.swift; path = FirstProjectApp.swift; sourceTree = "<group>"; };
		DB7037C5292F4A84000E2881 /* ContentView.swift */ = {isa = PBXFileReference; lastKnownFileType = sourcecode.swift; path = ContentView.swift; sourceTree = "<group>"; };
		DB7037C7292F4A85000E2881 /* Assets.xcassets */ = {isa = PBXFileReference; lastKnownFileType = folder.assetcatalog; path = Assets.xcassets; sourceTree = "<group>"; };
		DB7037CA292F4A85000E2881 /* Preview Assets.xcassets */ = {isa = PBXFileReference; lastKnownFileType = folder.assetcatalog; path = "Preview Assets.xcassets"; sourceTree = "<group>"; };
		DB7037D4292F4A85000E2881 /* DoDreamTests.swift */ = {isa = PBXFileReference; lastKnownFileType = sourcecode.swift; path = DoDreamTests.swift; sourceTree = "<group>"; };
		DB7037DE292F4A85000E2881 /* DoDreamUITests.swift */ = {isa = PBXFileReference; lastKnownFileType = sourcecode.swift; path = DoDreamUITests.swift; sourceTree = "<group>"; };
		DB7037E0292F4A85000E2881 /* DoDreamUITestsLaunchTests.swift */ = {isa = PBXFileReference; lastKnownFileType = sourcecode.swift; path = DoDreamUITestsLaunchTests.swift; sourceTree = "<group>"; };
		DB7037ED29325369000E2881 /* MyProjectCard.swift */ = {isa = PBXFileReference; lastKnownFileType = sourcecode.swift; path = MyProjectCard.swift; sourceTree = "<group>"; };
		DB7037F12933584E000E2881 /* TabBox.swift */ = {isa = PBXFileReference; lastKnownFileType = sourcecode.swift; path = TabBox.swift; sourceTree = "<group>"; };
		DB748C772967179E002DD920 /* TaskModel.swift */ = {isa = PBXFileReference; lastKnownFileType = sourcecode.swift; path = TaskModel.swift; sourceTree = "<group>"; };
		DB77B7D62963BF97006B3505 /* DoDreamExtension-Bridging-Header.h */ = {isa = PBXFileReference; lastKnownFileType = sourcecode.c.h; path = "DoDreamExtension-Bridging-Header.h"; sourceTree = "<group>"; };
		DB77B7D72963BF98006B3505 /* SwiftUIMailView.swift */ = {isa = PBXFileReference; fileEncoding = 4; lastKnownFileType = sourcecode.swift; path = SwiftUIMailView.swift; sourceTree = "<group>"; };
		DB8FF32E293A400300518174 /* ListView.swift */ = {isa = PBXFileReference; lastKnownFileType = sourcecode.swift; path = ListView.swift; sourceTree = "<group>"; };
		DB8FF330293BCA8E00518174 /* DoDream.app */ = {isa = PBXFileReference; explicitFileType = wrapper.application; includeInIndex = 0; path = DoDream.app; sourceTree = BUILT_PRODUCTS_DIR; };
		DBBFA92A2968691800A72B53 /* TaskViewModel.swift */ = {isa = PBXFileReference; fileEncoding = 4; lastKnownFileType = sourcecode.swift; name = TaskViewModel.swift; path = "../../../../../Downloads/Task Manager 2/Shared/ViewModel/TaskViewModel.swift"; sourceTree = "<group>"; };
		DBBFA92F2968692600A72B53 /* TaskAddView.swift */ = {isa = PBXFileReference; fileEncoding = 4; lastKnownFileType = sourcecode.swift; path = TaskAddView.swift; sourceTree = "<group>"; };
		DBBFA9302968692600A72B53 /* DynamicFilteredView.swift */ = {isa = PBXFileReference; fileEncoding = 4; lastKnownFileType = sourcecode.swift; path = DynamicFilteredView.swift; sourceTree = "<group>"; };
		DBBFA9312968692600A72B53 /* AddNewTask.swift */ = {isa = PBXFileReference; fileEncoding = 4; lastKnownFileType = sourcecode.swift; path = AddNewTask.swift; sourceTree = "<group>"; };
		DBBFA93F2968693700A72B53 /* Shared.xcdatamodel */ = {isa = PBXFileReference; lastKnownFileType = wrapper.xcdatamodel; path = Shared.xcdatamodel; sourceTree = "<group>"; };
		DBBFA9492968694A00A72B53 /* TaskMainView.swift */ = {isa = PBXFileReference; fileEncoding = 4; lastKnownFileType = sourcecode.swift; name = TaskMainView.swift; path = "../../../../../Downloads/Task Manager 2/Shared/TaskMainView.swift"; sourceTree = "<group>"; };
		DBBFA94E2968696900A72B53 /* Persistence.swift */ = {isa = PBXFileReference; fileEncoding = 4; lastKnownFileType = sourcecode.swift; path = Persistence.swift; sourceTree = "<group>"; };
		DBD744662933A6C0004C9392 /* FormattedDate.swift */ = {isa = PBXFileReference; lastKnownFileType = sourcecode.swift; path = FormattedDate.swift; sourceTree = "<group>"; };
		DBF84A91296E948E00249CF9 /* MailModel.swift */ = {isa = PBXFileReference; lastKnownFileType = sourcecode.swift; path = MailModel.swift; sourceTree = "<group>"; };
		DBF84A96296E953D00249CF9 /* MailView.swift */ = {isa = PBXFileReference; lastKnownFileType = sourcecode.swift; path = MailView.swift; sourceTree = "<group>"; };
		DBF84A9B296E960600249CF9 /* Constants.swift */ = {isa = PBXFileReference; lastKnownFileType = sourcecode.swift; path = Constants.swift; sourceTree = "<group>"; };
		DBF84AA5296E9AAE00249CF9 /* NotiView.swift */ = {isa = PBXFileReference; lastKnownFileType = sourcecode.swift; path = NotiView.swift; sourceTree = "<group>"; };
/* End PBXFileReference section */

/* Begin PBXFrameworksBuildPhase section */
		DB485A1A2944DC3100C82D5B /* Frameworks */ = {
			isa = PBXFrameworksBuildPhase;
			buildActionMask = 2147483647;
			files = (
				DB485A222944DC3100C82D5B /* SwiftUI.framework in Frameworks */,
				DB485A202944DC3100C82D5B /* WidgetKit.framework in Frameworks */,
			);
			runOnlyForDeploymentPostprocessing = 0;
		};
		DB7037BD292F4A84000E2881 /* Frameworks */ = {
			isa = PBXFrameworksBuildPhase;
			buildActionMask = 2147483647;
			files = (
				DB748C8129681B7D002DD920 /* ElegantCalendar in Frameworks */,
			);
			runOnlyForDeploymentPostprocessing = 0;
		};
		DB7037CD292F4A85000E2881 /* Frameworks */ = {
			isa = PBXFrameworksBuildPhase;
			buildActionMask = 2147483647;
			files = (
			);
			runOnlyForDeploymentPostprocessing = 0;
		};
		DB7037D7292F4A85000E2881 /* Frameworks */ = {
			isa = PBXFrameworksBuildPhase;
			buildActionMask = 2147483647;
			files = (
			);
			runOnlyForDeploymentPostprocessing = 0;
		};
/* End PBXFrameworksBuildPhase section */

/* Begin PBXGroup section */
		DB3BE8D32940DE1700248E00 /* ViewModels */ = {
			isa = PBXGroup;
			children = (
				DB3BE8D42940DE4F00248E00 /* ListViewModel.swift */,
				DBBFA92A2968691800A72B53 /* TaskViewModel.swift */,
				DBF84A9B296E960600249CF9 /* Constants.swift */,
			);
			path = ViewModels;
			sourceTree = "<group>";
		};
		DB485A1E2944DC3100C82D5B /* Frameworks */ = {
			isa = PBXGroup;
			children = (
				DB485A1F2944DC3100C82D5B /* WidgetKit.framework */,
				DB485A212944DC3100C82D5B /* SwiftUI.framework */,
			);
			name = Frameworks;
			sourceTree = "<group>";
		};
		DB5101E129631BDD000A8BBB /* Extension */ = {
			isa = PBXGroup;
			children = (
				DB5101E229631C01000A8BBB /* UIDevice.swift */,
			);
			path = Extension;
			sourceTree = "<group>";
		};
		DB7037B7292F4A84000E2881 = {
			isa = PBXGroup;
			children = (
				DB687F8529608318000AE74A /* Info.plist */,
				DB7037C2292F4A84000E2881 /* FirstProject */,
				DB7037D3292F4A85000E2881 /* FirstProjectTests */,
				DB7037DD292F4A85000E2881 /* DoDreamUITests */,
				DB8FF330293BCA8E00518174 /* DoDream.app */,
				DB3BE8C6293E1CBC00248E00 /* DoDreamTests.xctest */,
				DB3BE8C7293E1CBC00248E00 /* DoDreamUITests.xctest */,
				DB485A1E2944DC3100C82D5B /* Frameworks */,
				DB4541C1294EC500004E5DC7 /* DoDreamExtension.appex */,
			);
			sourceTree = "<group>";
		};
		DB7037C2292F4A84000E2881 /* FirstProject */ = {
			isa = PBXGroup;
			children = (
				DB4541A42944FA6E004E5DC7 /* FirstProject.entitlements */,
				DB77B7D52963BECB006B3505 /* UIViewController */,
				DBD7446A29350AB2004C9392 /* View */,
				DB3BE8D32940DE1700248E00 /* ViewModels */,
				DB5101E129631BDD000A8BBB /* Extension */,
				DBD7446829350A9F004C9392 /* Models */,
				DB7037C3292F4A84000E2881 /* FirstProjectApp.swift */,
				DB7037C7292F4A85000E2881 /* Assets.xcassets */,
				DB7037C9292F4A85000E2881 /* Preview Content */,
			);
			path = FirstProject;
			sourceTree = "<group>";
		};
		DB7037C9292F4A85000E2881 /* Preview Content */ = {
			isa = PBXGroup;
			children = (
				DB7037CA292F4A85000E2881 /* Preview Assets.xcassets */,
			);
			path = "Preview Content";
			sourceTree = "<group>";
		};
		DB7037D3292F4A85000E2881 /* FirstProjectTests */ = {
			isa = PBXGroup;
			children = (
				DB7037D4292F4A85000E2881 /* DoDreamTests.swift */,
			);
			path = FirstProjectTests;
			sourceTree = "<group>";
		};
		DB7037DD292F4A85000E2881 /* DoDreamUITests */ = {
			isa = PBXGroup;
			children = (
				DB7037DE292F4A85000E2881 /* DoDreamUITests.swift */,
				DB7037E0292F4A85000E2881 /* DoDreamUITestsLaunchTests.swift */,
			);
			path = DoDreamUITests;
			sourceTree = "<group>";
		};
		DB77B7D52963BECB006B3505 /* UIViewController */ = {
			isa = PBXGroup;
			children = (
				DB77B7D72963BF98006B3505 /* SwiftUIMailView.swift */,
				DB77B7D62963BF97006B3505 /* DoDreamExtension-Bridging-Header.h */,
			);
			name = UIViewController;
			path = ../UIViewController;
			sourceTree = "<group>";
		};
		DBD7446829350A9F004C9392 /* Models */ = {
			isa = PBXGroup;
			children = (
				DBD744662933A6C0004C9392 /* FormattedDate.swift */,
				DB3BE8D0293F788700248E00 /* ItemModel.swift */,
				DBF84A91296E948E00249CF9 /* MailModel.swift */,
				DB748C772967179E002DD920 /* TaskModel.swift */,
				DB4541B629461E5D004E5DC7 /* DateValue.swift */,
			);
			path = Models;
			sourceTree = "<group>";
		};
		DBD7446A29350AB2004C9392 /* View */ = {
			isa = PBXGroup;
			children = (
				DB7037C5292F4A84000E2881 /* ContentView.swift */,
				DBBFA94E2968696900A72B53 /* Persistence.swift */,
				DB7037F12933584E000E2881 /* TabBox.swift */,
				DB7037ED29325369000E2881 /* MyProjectCard.swift */,
				DB3BE8CE293E48B200248E00 /* AddView.swift */,
				DB3BE8CC293E380600248E00 /* ListRowView.swift */,
				DB8FF32E293A400300518174 /* ListView.swift */,
				DB2FEE21296D333200167BA4 /* NormalSettingView.swift */,
				DB2FEE26296D382C00167BA4 /* DoDreamDesView.swift */,
				DB687F83295FDEA6000AE74A /* NoItemView.swift */,
				DBBFA9302968692600A72B53 /* DynamicFilteredView.swift */,
				DBBFA9312968692600A72B53 /* AddNewTask.swift */,
				DBBFA9492968694A00A72B53 /* TaskMainView.swift */,
				DBF84AA5296E9AAE00249CF9 /* NotiView.swift */,
				DBBFA92F2968692600A72B53 /* TaskAddView.swift */,
				DBF84A96296E953D00249CF9 /* MailView.swift */,
				DBBFA93E2968693700A72B53 /* Task_Manager.xcdatamodeld */,
			);
			path = View;
			sourceTree = "<group>";
		};
/* End PBXGroup section */

/* Begin PBXNativeTarget section */
		DB485A1C2944DC3100C82D5B /* DoDreamExtension */ = {
			isa = PBXNativeTarget;
			buildConfigurationList = DB485A362944DC3300C82D5B /* Build configuration list for PBXNativeTarget "DoDreamExtension" */;
			buildPhases = (
				DB485A192944DC3100C82D5B /* Sources */,
				DB485A1A2944DC3100C82D5B /* Frameworks */,
				DB485A1B2944DC3100C82D5B /* Resources */,
			);
			buildRules = (
			);
			dependencies = (
			);
			name = DoDreamExtension;
			productName = DoDreamExtension;
			productReference = DB4541C1294EC500004E5DC7 /* DoDreamExtension.appex */;
			productType = "com.apple.product-type.app-extension";
		};
		DB7037BF292F4A84000E2881 /* DoDream */ = {
			isa = PBXNativeTarget;
			buildConfigurationList = DB7037E4292F4A85000E2881 /* Build configuration list for PBXNativeTarget "DoDream" */;
			buildPhases = (
				DB7037BC292F4A84000E2881 /* Sources */,
				DB7037BD292F4A84000E2881 /* Frameworks */,
				DB7037BE292F4A84000E2881 /* Resources */,
				DB485A332944DC3300C82D5B /* Embed Foundation Extensions */,
			);
			buildRules = (
			);
			dependencies = (
				DB485A312944DC3300C82D5B /* PBXTargetDependency */,
			);
			name = DoDream;
			packageProductDependencies = (
				DB748C8029681B7D002DD920 /* ElegantCalendar */,
			);
			productName = FirstProject;
			productReference = DB8FF330293BCA8E00518174 /* DoDream.app */;
			productType = "com.apple.product-type.application";
		};
		DB7037CF292F4A85000E2881 /* DoDreamTests */ = {
			isa = PBXNativeTarget;
			buildConfigurationList = DB7037E7292F4A85000E2881 /* Build configuration list for PBXNativeTarget "DoDreamTests" */;
			buildPhases = (
				DB7037CC292F4A85000E2881 /* Sources */,
				DB7037CD292F4A85000E2881 /* Frameworks */,
				DB7037CE292F4A85000E2881 /* Resources */,
			);
			buildRules = (
			);
			dependencies = (
				DB7037D2292F4A85000E2881 /* PBXTargetDependency */,
			);
			name = DoDreamTests;
			productName = FirstProjectTests;
			productReference = DB3BE8C6293E1CBC00248E00 /* DoDreamTests.xctest */;
			productType = "com.apple.product-type.bundle.unit-test";
		};
		DB7037D9292F4A85000E2881 /* DoDreamUITests */ = {
			isa = PBXNativeTarget;
			buildConfigurationList = DB7037EA292F4A85000E2881 /* Build configuration list for PBXNativeTarget "DoDreamUITests" */;
			buildPhases = (
				DB7037D6292F4A85000E2881 /* Sources */,
				DB7037D7292F4A85000E2881 /* Frameworks */,
				DB7037D8292F4A85000E2881 /* Resources */,
			);
			buildRules = (
			);
			dependencies = (
				DB7037DC292F4A85000E2881 /* PBXTargetDependency */,
			);
			name = DoDreamUITests;
			productName = FirstProjectUITests;
			productReference = DB3BE8C7293E1CBC00248E00 /* DoDreamUITests.xctest */;
			productType = "com.apple.product-type.bundle.ui-testing";
		};
/* End PBXNativeTarget section */

/* Begin PBXProject section */
		DB7037B8292F4A84000E2881 /* Project object */ = {
			isa = PBXProject;
			attributes = {
				BuildIndependentTargetsInParallel = 1;
				LastSwiftUpdateCheck = 1410;
				LastUpgradeCheck = 1410;
				TargetAttributes = {
					DB485A1C2944DC3100C82D5B = {
						CreatedOnToolsVersion = 14.1;
						LastSwiftMigration = 1410;
					};
					DB7037BF292F4A84000E2881 = {
						CreatedOnToolsVersion = 14.1;
					};
					DB7037CF292F4A85000E2881 = {
						CreatedOnToolsVersion = 14.1;
						TestTargetID = DB7037BF292F4A84000E2881;
					};
					DB7037D9292F4A85000E2881 = {
						CreatedOnToolsVersion = 14.1;
						TestTargetID = DB7037BF292F4A84000E2881;
					};
				};
			};
			buildConfigurationList = DB7037BB292F4A84000E2881 /* Build configuration list for PBXProject "DoDream" */;
			compatibilityVersion = "Xcode 14.0";
			developmentRegion = en;
			hasScannedForEncodings = 0;
			knownRegions = (
				en,
				Base,
			);
			mainGroup = DB7037B7292F4A84000E2881;
			packageReferences = (
				DB748C7F29681B7D002DD920 /* XCRemoteSwiftPackageReference "ElegantCalendar" */,
			);
			productRefGroup = DB7037B7292F4A84000E2881;
			projectDirPath = "";
			projectRoot = "";
			targets = (
				DB7037BF292F4A84000E2881 /* DoDream */,
				DB7037CF292F4A85000E2881 /* DoDreamTests */,
				DB7037D9292F4A85000E2881 /* DoDreamUITests */,
				DB485A1C2944DC3100C82D5B /* DoDreamExtension */,
			);
		};
/* End PBXProject section */

/* Begin PBXResourcesBuildPhase section */
		DB485A1B2944DC3100C82D5B /* Resources */ = {
			isa = PBXResourcesBuildPhase;
			buildActionMask = 2147483647;
			files = (
			);
			runOnlyForDeploymentPostprocessing = 0;
		};
		DB7037BE292F4A84000E2881 /* Resources */ = {
			isa = PBXResourcesBuildPhase;
			buildActionMask = 2147483647;
			files = (
				DB7037CB292F4A85000E2881 /* Preview Assets.xcassets in Resources */,
				DB7037C8292F4A85000E2881 /* Assets.xcassets in Resources */,
			);
			runOnlyForDeploymentPostprocessing = 0;
		};
		DB7037CE292F4A85000E2881 /* Resources */ = {
			isa = PBXResourcesBuildPhase;
			buildActionMask = 2147483647;
			files = (
			);
			runOnlyForDeploymentPostprocessing = 0;
		};
		DB7037D8292F4A85000E2881 /* Resources */ = {
			isa = PBXResourcesBuildPhase;
			buildActionMask = 2147483647;
			files = (
			);
			runOnlyForDeploymentPostprocessing = 0;
		};
/* End PBXResourcesBuildPhase section */

/* Begin PBXSourcesBuildPhase section */
		DB485A192944DC3100C82D5B /* Sources */ = {
			isa = PBXSourcesBuildPhase;
			buildActionMask = 2147483647;
			files = (
				DB2FEE25296D333200167BA4 /* NormalSettingView.swift in Sources */,
				DBBFA9522968696900A72B53 /* Persistence.swift in Sources */,
				DB77B7DB2963BF98006B3505 /* SwiftUIMailView.swift in Sources */,
				DBBFA9352968692600A72B53 /* TaskAddView.swift in Sources */,
				DBF84AA9296E9AAE00249CF9 /* NotiView.swift in Sources */,
				DBBFA94D2968694A00A72B53 /* TaskMainView.swift in Sources */,
				DBBFA9432968693700A72B53 /* Task_Manager.xcdatamodeld in Sources */,
				DBBFA92E2968691800A72B53 /* TaskViewModel.swift in Sources */,
				DBF84A95296E948E00249CF9 /* MailModel.swift in Sources */,
				DBBFA9392968692600A72B53 /* DynamicFilteredView.swift in Sources */,
				DB2FEE2A296D382C00167BA4 /* DoDreamDesView.swift in Sources */,
				DBF84A9F296E960600249CF9 /* Constants.swift in Sources */,
				DBF84A9A296E953D00249CF9 /* MailView.swift in Sources */,
				DBBFA93D2968692600A72B53 /* AddNewTask.swift in Sources */,
			);
			runOnlyForDeploymentPostprocessing = 0;
		};
		DB7037BC292F4A84000E2881 /* Sources */ = {
			isa = PBXSourcesBuildPhase;
			buildActionMask = 2147483647;
			files = (
				DB3BE8D1293F788700248E00 /* ItemModel.swift in Sources */,
				DBD744672933A6C0004C9392 /* FormattedDate.swift in Sources */,
				DBBFA94A2968694A00A72B53 /* TaskMainView.swift in Sources */,
				DB77B7D82963BF98006B3505 /* SwiftUIMailView.swift in Sources */,
				DB2FEE27296D382C00167BA4 /* DoDreamDesView.swift in Sources */,
				DBBFA9362968692600A72B53 /* DynamicFilteredView.swift in Sources */,
				DB687F84295FDEA6000AE74A /* NoItemView.swift in Sources */,
				DB3BE8CF293E48B200248E00 /* AddView.swift in Sources */,
				DB7037EE29325369000E2881 /* MyProjectCard.swift in Sources */,
				DB3BE8CD293E380600248E00 /* ListRowView.swift in Sources */,
				DB8FF32F293A400300518174 /* ListView.swift in Sources */,
				DBF84A9C296E960600249CF9 /* Constants.swift in Sources */,
				DBF84A92296E948E00249CF9 /* MailModel.swift in Sources */,
				DBBFA92B2968691800A72B53 /* TaskViewModel.swift in Sources */,
				DB7037C6292F4A84000E2881 /* ContentView.swift in Sources */,
				DBBFA9322968692600A72B53 /* TaskAddView.swift in Sources */,
				DB748C782967179E002DD920 /* TaskModel.swift in Sources */,
				DB4541B729461E5D004E5DC7 /* DateValue.swift in Sources */,
				DBF84AA6296E9AAE00249CF9 /* NotiView.swift in Sources */,
				DB2FEE22296D333200167BA4 /* NormalSettingView.swift in Sources */,
				DB5101E329631C01000A8BBB /* UIDevice.swift in Sources */,
				DBBFA9402968693700A72B53 /* Task_Manager.xcdatamodeld in Sources */,
				DB7037C4292F4A84000E2881 /* FirstProjectApp.swift in Sources */,
				DB7037F22933584E000E2881 /* TabBox.swift in Sources */,
				DB3BE8D52940DE4F00248E00 /* ListViewModel.swift in Sources */,
				DBBFA93A2968692600A72B53 /* AddNewTask.swift in Sources */,
				DBF84A97296E953D00249CF9 /* MailView.swift in Sources */,
				DBBFA94F2968696900A72B53 /* Persistence.swift in Sources */,
			);
			runOnlyForDeploymentPostprocessing = 0;
		};
		DB7037CC292F4A85000E2881 /* Sources */ = {
			isa = PBXSourcesBuildPhase;
			buildActionMask = 2147483647;
			files = (
				DBBFA9372968692600A72B53 /* DynamicFilteredView.swift in Sources */,
				DB7037D5292F4A85000E2881 /* DoDreamTests.swift in Sources */,
				DBBFA92C2968691800A72B53 /* TaskViewModel.swift in Sources */,
				DB2FEE28296D382C00167BA4 /* DoDreamDesView.swift in Sources */,
				DBBFA9332968692600A72B53 /* TaskAddView.swift in Sources */,
				DBF84A9D296E960600249CF9 /* Constants.swift in Sources */,
				DBF84A98296E953D00249CF9 /* MailView.swift in Sources */,
				DB77B7D92963BF98006B3505 /* SwiftUIMailView.swift in Sources */,
				DBF84A93296E948E00249CF9 /* MailModel.swift in Sources */,
				DB2FEE23296D333200167BA4 /* NormalSettingView.swift in Sources */,
				DBBFA94B2968694A00A72B53 /* TaskMainView.swift in Sources */,
				DBBFA93B2968692600A72B53 /* AddNewTask.swift in Sources */,
				DBBFA9412968693700A72B53 /* Task_Manager.xcdatamodeld in Sources */,
				DBBFA9502968696900A72B53 /* Persistence.swift in Sources */,
				DBF84AA7296E9AAE00249CF9 /* NotiView.swift in Sources */,
			);
			runOnlyForDeploymentPostprocessing = 0;
		};
		DB7037D6292F4A85000E2881 /* Sources */ = {
			isa = PBXSourcesBuildPhase;
			buildActionMask = 2147483647;
			files = (
				DBBFA9512968696900A72B53 /* Persistence.swift in Sources */,
				DB77B7DA2963BF98006B3505 /* SwiftUIMailView.swift in Sources */,
				DBBFA92D2968691800A72B53 /* TaskViewModel.swift in Sources */,
				DBF84A99296E953D00249CF9 /* MailView.swift in Sources */,
				DBBFA9342968692600A72B53 /* TaskAddView.swift in Sources */,
				DBBFA9382968692600A72B53 /* DynamicFilteredView.swift in Sources */,
				DBF84A9E296E960600249CF9 /* Constants.swift in Sources */,
				DBBFA93C2968692600A72B53 /* AddNewTask.swift in Sources */,
				DBF84A94296E948E00249CF9 /* MailModel.swift in Sources */,
				DB7037DF292F4A85000E2881 /* DoDreamUITests.swift in Sources */,
				DBBFA94C2968694A00A72B53 /* TaskMainView.swift in Sources */,
				DB2FEE24296D333200167BA4 /* NormalSettingView.swift in Sources */,
				DBBFA9422968693700A72B53 /* Task_Manager.xcdatamodeld in Sources */,
				DB2FEE29296D382C00167BA4 /* DoDreamDesView.swift in Sources */,
				DBF84AA8296E9AAE00249CF9 /* NotiView.swift in Sources */,
				DB7037E1292F4A85000E2881 /* DoDreamUITestsLaunchTests.swift in Sources */,
			);
			runOnlyForDeploymentPostprocessing = 0;
		};
/* End PBXSourcesBuildPhase section */

/* Begin PBXTargetDependency section */
		DB485A312944DC3300C82D5B /* PBXTargetDependency */ = {
			isa = PBXTargetDependency;
			target = DB485A1C2944DC3100C82D5B /* DoDreamExtension */;
			targetProxy = DB485A302944DC3300C82D5B /* PBXContainerItemProxy */;
		};
		DB7037D2292F4A85000E2881 /* PBXTargetDependency */ = {
			isa = PBXTargetDependency;
			target = DB7037BF292F4A84000E2881 /* DoDream */;
			targetProxy = DB7037D1292F4A85000E2881 /* PBXContainerItemProxy */;
		};
		DB7037DC292F4A85000E2881 /* PBXTargetDependency */ = {
			isa = PBXTargetDependency;
			target = DB7037BF292F4A84000E2881 /* DoDream */;
			targetProxy = DB7037DB292F4A85000E2881 /* PBXContainerItemProxy */;
		};
/* End PBXTargetDependency section */

/* Begin XCBuildConfiguration section */
		DB485A342944DC3300C82D5B /* Debug */ = {
			isa = XCBuildConfiguration;
			buildSettings = {
				ASSETCATALOG_COMPILER_GLOBAL_ACCENT_COLOR_NAME = AccentColor;
				ASSETCATALOG_COMPILER_WIDGET_BACKGROUND_COLOR_NAME = WidgetBackground;
				CLANG_ENABLE_MODULES = YES;
				CODE_SIGN_STYLE = Automatic;
				CURRENT_PROJECT_VERSION = 1;
				DEVELOPMENT_TEAM = 477F64NLSP;
				GENERATE_INFOPLIST_FILE = YES;
				INFOPLIST_FILE = DoDream/Info.plist;
				INFOPLIST_KEY_CFBundleDisplayName = DoDream;
				INFOPLIST_KEY_NSHumanReadableCopyright = "";
				LD_RUNPATH_SEARCH_PATHS = (
					"$(inherited)",
					"@executable_path/Frameworks",
					"@executable_path/../../Frameworks",
				);
				MARKETING_VERSION = 1.0;
				PRODUCT_BUNDLE_IDENTIFIER = whohoo.FirstProject.DoDream;
				PRODUCT_NAME = "$(TARGET_NAME)";
				SKIP_INSTALL = YES;
				SWIFT_EMIT_LOC_STRINGS = YES;
				SWIFT_OBJC_BRIDGING_HEADER = "UIViewController/DoDreamExtension-Bridging-Header.h";
				SWIFT_OPTIMIZATION_LEVEL = "-Onone";
				SWIFT_VERSION = 5.0;
				TARGETED_DEVICE_FAMILY = "1,2";
			};
			name = Debug;
		};
		DB485A352944DC3300C82D5B /* Release */ = {
			isa = XCBuildConfiguration;
			buildSettings = {
				ASSETCATALOG_COMPILER_GLOBAL_ACCENT_COLOR_NAME = AccentColor;
				ASSETCATALOG_COMPILER_WIDGET_BACKGROUND_COLOR_NAME = WidgetBackground;
				CLANG_ENABLE_MODULES = YES;
				CODE_SIGN_STYLE = Automatic;
				CURRENT_PROJECT_VERSION = 1;
				DEVELOPMENT_TEAM = 477F64NLSP;
				GENERATE_INFOPLIST_FILE = YES;
				INFOPLIST_FILE = DoDream/Info.plist;
				INFOPLIST_KEY_CFBundleDisplayName = DoDream;
				INFOPLIST_KEY_NSHumanReadableCopyright = "";
				LD_RUNPATH_SEARCH_PATHS = (
					"$(inherited)",
					"@executable_path/Frameworks",
					"@executable_path/../../Frameworks",
				);
				MARKETING_VERSION = 1.0;
				PRODUCT_BUNDLE_IDENTIFIER = whohoo.FirstProject.DoDream;
				PRODUCT_NAME = "$(TARGET_NAME)";
				SKIP_INSTALL = YES;
				SWIFT_EMIT_LOC_STRINGS = YES;
				SWIFT_OBJC_BRIDGING_HEADER = "UIViewController/DoDreamExtension-Bridging-Header.h";
				SWIFT_VERSION = 5.0;
				TARGETED_DEVICE_FAMILY = "1,2";
			};
			name = Release;
		};
		DB7037E2292F4A85000E2881 /* Debug */ = {
			isa = XCBuildConfiguration;
			buildSettings = {
				ALWAYS_SEARCH_USER_PATHS = NO;
				CLANG_ANALYZER_NONNULL = YES;
				CLANG_ANALYZER_NUMBER_OBJECT_CONVERSION = YES_AGGRESSIVE;
				CLANG_CXX_LANGUAGE_STANDARD = "gnu++20";
				CLANG_ENABLE_MODULES = YES;
				CLANG_ENABLE_OBJC_ARC = YES;
				CLANG_ENABLE_OBJC_WEAK = YES;
				CLANG_WARN_BLOCK_CAPTURE_AUTORELEASING = YES;
				CLANG_WARN_BOOL_CONVERSION = YES;
				CLANG_WARN_COMMA = YES;
				CLANG_WARN_CONSTANT_CONVERSION = YES;
				CLANG_WARN_DEPRECATED_OBJC_IMPLEMENTATIONS = YES;
				CLANG_WARN_DIRECT_OBJC_ISA_USAGE = YES_ERROR;
				CLANG_WARN_DOCUMENTATION_COMMENTS = YES;
				CLANG_WARN_EMPTY_BODY = YES;
				CLANG_WARN_ENUM_CONVERSION = YES;
				CLANG_WARN_INFINITE_RECURSION = YES;
				CLANG_WARN_INT_CONVERSION = YES;
				CLANG_WARN_NON_LITERAL_NULL_CONVERSION = YES;
				CLANG_WARN_OBJC_IMPLICIT_RETAIN_SELF = YES;
				CLANG_WARN_OBJC_LITERAL_CONVERSION = YES;
				CLANG_WARN_OBJC_ROOT_CLASS = YES_ERROR;
				CLANG_WARN_QUOTED_INCLUDE_IN_FRAMEWORK_HEADER = YES;
				CLANG_WARN_RANGE_LOOP_ANALYSIS = YES;
				CLANG_WARN_STRICT_PROTOTYPES = YES;
				CLANG_WARN_SUSPICIOUS_MOVE = YES;
				CLANG_WARN_UNGUARDED_AVAILABILITY = YES_AGGRESSIVE;
				CLANG_WARN_UNREACHABLE_CODE = YES;
				CLANG_WARN__DUPLICATE_METHOD_MATCH = YES;
				COPY_PHASE_STRIP = NO;
				DEBUG_INFORMATION_FORMAT = dwarf;
				ENABLE_STRICT_OBJC_MSGSEND = YES;
				ENABLE_TESTABILITY = YES;
				GCC_C_LANGUAGE_STANDARD = gnu11;
				GCC_DYNAMIC_NO_PIC = NO;
				GCC_NO_COMMON_BLOCKS = YES;
				GCC_OPTIMIZATION_LEVEL = 0;
				GCC_PREPROCESSOR_DEFINITIONS = (
					"DEBUG=1",
					"$(inherited)",
				);
				GCC_WARN_64_TO_32_BIT_CONVERSION = YES;
				GCC_WARN_ABOUT_RETURN_TYPE = YES_ERROR;
				GCC_WARN_UNDECLARED_SELECTOR = YES;
				GCC_WARN_UNINITIALIZED_AUTOS = YES_AGGRESSIVE;
				GCC_WARN_UNUSED_FUNCTION = YES;
				GCC_WARN_UNUSED_VARIABLE = YES;
				IPHONEOS_DEPLOYMENT_TARGET = 16.1;
				MTL_ENABLE_DEBUG_INFO = INCLUDE_SOURCE;
				MTL_FAST_MATH = YES;
				ONLY_ACTIVE_ARCH = YES;
				SDKROOT = iphoneos;
				SWIFT_ACTIVE_COMPILATION_CONDITIONS = DEBUG;
				SWIFT_OPTIMIZATION_LEVEL = "-Onone";
			};
			name = Debug;
		};
		DB7037E3292F4A85000E2881 /* Release */ = {
			isa = XCBuildConfiguration;
			buildSettings = {
				ALWAYS_SEARCH_USER_PATHS = NO;
				CLANG_ANALYZER_NONNULL = YES;
				CLANG_ANALYZER_NUMBER_OBJECT_CONVERSION = YES_AGGRESSIVE;
				CLANG_CXX_LANGUAGE_STANDARD = "gnu++20";
				CLANG_ENABLE_MODULES = YES;
				CLANG_ENABLE_OBJC_ARC = YES;
				CLANG_ENABLE_OBJC_WEAK = YES;
				CLANG_WARN_BLOCK_CAPTURE_AUTORELEASING = YES;
				CLANG_WARN_BOOL_CONVERSION = YES;
				CLANG_WARN_COMMA = YES;
				CLANG_WARN_CONSTANT_CONVERSION = YES;
				CLANG_WARN_DEPRECATED_OBJC_IMPLEMENTATIONS = YES;
				CLANG_WARN_DIRECT_OBJC_ISA_USAGE = YES_ERROR;
				CLANG_WARN_DOCUMENTATION_COMMENTS = YES;
				CLANG_WARN_EMPTY_BODY = YES;
				CLANG_WARN_ENUM_CONVERSION = YES;
				CLANG_WARN_INFINITE_RECURSION = YES;
				CLANG_WARN_INT_CONVERSION = YES;
				CLANG_WARN_NON_LITERAL_NULL_CONVERSION = YES;
				CLANG_WARN_OBJC_IMPLICIT_RETAIN_SELF = YES;
				CLANG_WARN_OBJC_LITERAL_CONVERSION = YES;
				CLANG_WARN_OBJC_ROOT_CLASS = YES_ERROR;
				CLANG_WARN_QUOTED_INCLUDE_IN_FRAMEWORK_HEADER = YES;
				CLANG_WARN_RANGE_LOOP_ANALYSIS = YES;
				CLANG_WARN_STRICT_PROTOTYPES = YES;
				CLANG_WARN_SUSPICIOUS_MOVE = YES;
				CLANG_WARN_UNGUARDED_AVAILABILITY = YES_AGGRESSIVE;
				CLANG_WARN_UNREACHABLE_CODE = YES;
				CLANG_WARN__DUPLICATE_METHOD_MATCH = YES;
				COPY_PHASE_STRIP = NO;
				DEBUG_INFORMATION_FORMAT = "dwarf-with-dsym";
				ENABLE_NS_ASSERTIONS = NO;
				ENABLE_STRICT_OBJC_MSGSEND = YES;
				GCC_C_LANGUAGE_STANDARD = gnu11;
				GCC_NO_COMMON_BLOCKS = YES;
				GCC_WARN_64_TO_32_BIT_CONVERSION = YES;
				GCC_WARN_ABOUT_RETURN_TYPE = YES_ERROR;
				GCC_WARN_UNDECLARED_SELECTOR = YES;
				GCC_WARN_UNINITIALIZED_AUTOS = YES_AGGRESSIVE;
				GCC_WARN_UNUSED_FUNCTION = YES;
				GCC_WARN_UNUSED_VARIABLE = YES;
				IPHONEOS_DEPLOYMENT_TARGET = 16.1;
				MTL_ENABLE_DEBUG_INFO = NO;
				MTL_FAST_MATH = YES;
				SDKROOT = iphoneos;
				SWIFT_COMPILATION_MODE = wholemodule;
				SWIFT_OPTIMIZATION_LEVEL = "-O";
				VALIDATE_PRODUCT = YES;
			};
			name = Release;
		};
		DB7037E5292F4A85000E2881 /* Debug */ = {
			isa = XCBuildConfiguration;
			buildSettings = {
				ALWAYS_EMBED_SWIFT_STANDARD_LIBRARIES = YES;
				ASSETCATALOG_COMPILER_APPICON_NAME = AppIcon;
				ASSETCATALOG_COMPILER_GLOBAL_ACCENT_COLOR_NAME = AccentColor;
				CODE_SIGN_ENTITLEMENTS = FirstProject/FirstProject.entitlements;
				CODE_SIGN_STYLE = Automatic;
				CURRENT_PROJECT_VERSION = 1;
				DEVELOPMENT_ASSET_PATHS = "\"FirstProject/Preview Content\"";
				DEVELOPMENT_TEAM = 477F64NLSP;
				ENABLE_PREVIEWS = YES;
				GENERATE_INFOPLIST_FILE = YES;
				INFOPLIST_FILE = DoDream/Info.plist;
				INFOPLIST_KEY_NSCalendarsUsageDescription = "두드림 연동을 위해 캘린더 접근 권한이 필요합니다. 허용하시겠습니까?";
				INFOPLIST_KEY_NSFaceIDUsageDescription = "개인정보를 보호하기 위해 FaceID 및 잠금을 사용헙니다.";
				INFOPLIST_KEY_UIApplicationSceneManifest_Generation = YES;
				INFOPLIST_KEY_UIApplicationSupportsIndirectInputEvents = YES;
				INFOPLIST_KEY_UISupportedInterfaceOrientations_iPad = "UIInterfaceOrientationPortrait UIInterfaceOrientationPortraitUpsideDown UIInterfaceOrientationLandscapeLeft UIInterfaceOrientationLandscapeRight";
				INFOPLIST_KEY_UISupportedInterfaceOrientations_iPhone = "UIInterfaceOrientationPortrait UIInterfaceOrientationLandscapeLeft UIInterfaceOrientationLandscapeRight";
				INFOPLIST_KEY_UIUserInterfaceStyle = Light;
				IPHONEOS_DEPLOYMENT_TARGET = 16.1;
				LD_RUNPATH_SEARCH_PATHS = (
					"$(inherited)",
					"@executable_path/Frameworks",
				);
				MARKETING_VERSION = 1.0;
				PRODUCT_BUNDLE_IDENTIFIER = dodream;
				PRODUCT_NAME = "$(TARGET_NAME)";
				SWIFT_EMIT_LOC_STRINGS = YES;
				SWIFT_VERSION = 5.0;
				TARGETED_DEVICE_FAMILY = "1,2";
			};
			name = Debug;
		};
		DB7037E6292F4A85000E2881 /* Release */ = {
			isa = XCBuildConfiguration;
			buildSettings = {
				ALWAYS_EMBED_SWIFT_STANDARD_LIBRARIES = YES;
				ASSETCATALOG_COMPILER_APPICON_NAME = AppIcon;
				ASSETCATALOG_COMPILER_GLOBAL_ACCENT_COLOR_NAME = AccentColor;
				CODE_SIGN_ENTITLEMENTS = FirstProject/FirstProject.entitlements;
				CODE_SIGN_STYLE = Automatic;
				CURRENT_PROJECT_VERSION = 1;
				DEVELOPMENT_ASSET_PATHS = "\"FirstProject/Preview Content\"";
				DEVELOPMENT_TEAM = 477F64NLSP;
				ENABLE_PREVIEWS = YES;
				GENERATE_INFOPLIST_FILE = YES;
				INFOPLIST_FILE = DoDream/Info.plist;
				INFOPLIST_KEY_NSCalendarsUsageDescription = "두드림 연동을 위해 캘린더 접근 권한이 필요합니다. 허용하시겠습니까?";
				INFOPLIST_KEY_NSFaceIDUsageDescription = "개인정보를 보호하기 위해 FaceID 및 잠금을 사용헙니다.";
				INFOPLIST_KEY_UIApplicationSceneManifest_Generation = YES;
				INFOPLIST_KEY_UIApplicationSupportsIndirectInputEvents = YES;
				INFOPLIST_KEY_UISupportedInterfaceOrientations_iPad = "UIInterfaceOrientationPortrait UIInterfaceOrientationPortraitUpsideDown UIInterfaceOrientationLandscapeLeft UIInterfaceOrientationLandscapeRight";
				INFOPLIST_KEY_UISupportedInterfaceOrientations_iPhone = "UIInterfaceOrientationPortrait UIInterfaceOrientationLandscapeLeft UIInterfaceOrientationLandscapeRight";
				INFOPLIST_KEY_UIUserInterfaceStyle = Light;
				IPHONEOS_DEPLOYMENT_TARGET = 16.1;
				LD_RUNPATH_SEARCH_PATHS = (
					"$(inherited)",
					"@executable_path/Frameworks",
				);
				MARKETING_VERSION = 1.0;
				PRODUCT_BUNDLE_IDENTIFIER = dodream;
				PRODUCT_NAME = "$(TARGET_NAME)";
				SWIFT_EMIT_LOC_STRINGS = YES;
				SWIFT_VERSION = 5.0;
				TARGETED_DEVICE_FAMILY = "1,2";
			};
			name = Release;
		};
		DB7037E8292F4A85000E2881 /* Debug */ = {
			isa = XCBuildConfiguration;
			buildSettings = {
				ALWAYS_EMBED_SWIFT_STANDARD_LIBRARIES = YES;
				BUNDLE_LOADER = "$(TEST_HOST)";
				CODE_SIGN_STYLE = Automatic;
				CURRENT_PROJECT_VERSION = 1;
				GENERATE_INFOPLIST_FILE = YES;
				IPHONEOS_DEPLOYMENT_TARGET = 16.1;
				MARKETING_VERSION = 1.0;
				PRODUCT_BUNDLE_IDENTIFIER = whohoo.FirstProjectTests;
				PRODUCT_NAME = "$(TARGET_NAME)";
				SWIFT_EMIT_LOC_STRINGS = NO;
				SWIFT_VERSION = 5.0;
				TARGETED_DEVICE_FAMILY = "1,2";
				TEST_HOST = "$(BUILT_PRODUCTS_DIR)/DoDream.app/$(BUNDLE_EXECUTABLE_FOLDER_PATH)/DoDream";
			};
			name = Debug;
		};
		DB7037E9292F4A85000E2881 /* Release */ = {
			isa = XCBuildConfiguration;
			buildSettings = {
				ALWAYS_EMBED_SWIFT_STANDARD_LIBRARIES = YES;
				BUNDLE_LOADER = "$(TEST_HOST)";
				CODE_SIGN_STYLE = Automatic;
				CURRENT_PROJECT_VERSION = 1;
				GENERATE_INFOPLIST_FILE = YES;
				IPHONEOS_DEPLOYMENT_TARGET = 16.1;
				MARKETING_VERSION = 1.0;
				PRODUCT_BUNDLE_IDENTIFIER = whohoo.FirstProjectTests;
				PRODUCT_NAME = "$(TARGET_NAME)";
				SWIFT_EMIT_LOC_STRINGS = NO;
				SWIFT_VERSION = 5.0;
				TARGETED_DEVICE_FAMILY = "1,2";
				TEST_HOST = "$(BUILT_PRODUCTS_DIR)/DoDream.app/$(BUNDLE_EXECUTABLE_FOLDER_PATH)/DoDream";
			};
			name = Release;
		};
		DB7037EB292F4A85000E2881 /* Debug */ = {
			isa = XCBuildConfiguration;
			buildSettings = {
				ALWAYS_EMBED_SWIFT_STANDARD_LIBRARIES = YES;
				CODE_SIGN_STYLE = Automatic;
				CURRENT_PROJECT_VERSION = 1;
				GENERATE_INFOPLIST_FILE = YES;
				MARKETING_VERSION = 1.0;
				PRODUCT_BUNDLE_IDENTIFIER = whohoo.FirstProjectUITests;
				PRODUCT_NAME = "$(TARGET_NAME)";
				SWIFT_EMIT_LOC_STRINGS = NO;
				SWIFT_VERSION = 5.0;
				TARGETED_DEVICE_FAMILY = "1,2";
				TEST_TARGET_NAME = FirstProject;
			};
			name = Debug;
		};
		DB7037EC292F4A85000E2881 /* Release */ = {
			isa = XCBuildConfiguration;
			buildSettings = {
				ALWAYS_EMBED_SWIFT_STANDARD_LIBRARIES = YES;
				CODE_SIGN_STYLE = Automatic;
				CURRENT_PROJECT_VERSION = 1;
				GENERATE_INFOPLIST_FILE = YES;
				MARKETING_VERSION = 1.0;
				PRODUCT_BUNDLE_IDENTIFIER = whohoo.FirstProjectUITests;
				PRODUCT_NAME = "$(TARGET_NAME)";
				SWIFT_EMIT_LOC_STRINGS = NO;
				SWIFT_VERSION = 5.0;
				TARGETED_DEVICE_FAMILY = "1,2";
				TEST_TARGET_NAME = FirstProject;
			};
			name = Release;
		};
/* End XCBuildConfiguration section */

/* Begin XCConfigurationList section */
		DB485A362944DC3300C82D5B /* Build configuration list for PBXNativeTarget "DoDreamExtension" */ = {
			isa = XCConfigurationList;
			buildConfigurations = (
				DB485A342944DC3300C82D5B /* Debug */,
				DB485A352944DC3300C82D5B /* Release */,
			);
			defaultConfigurationIsVisible = 0;
			defaultConfigurationName = Release;
		};
		DB7037BB292F4A84000E2881 /* Build configuration list for PBXProject "DoDream" */ = {
			isa = XCConfigurationList;
			buildConfigurations = (
				DB7037E2292F4A85000E2881 /* Debug */,
				DB7037E3292F4A85000E2881 /* Release */,
			);
			defaultConfigurationIsVisible = 0;
			defaultConfigurationName = Release;
		};
		DB7037E4292F4A85000E2881 /* Build configuration list for PBXNativeTarget "DoDream" */ = {
			isa = XCConfigurationList;
			buildConfigurations = (
				DB7037E5292F4A85000E2881 /* Debug */,
				DB7037E6292F4A85000E2881 /* Release */,
			);
			defaultConfigurationIsVisible = 0;
			defaultConfigurationName = Release;
		};
		DB7037E7292F4A85000E2881 /* Build configuration list for PBXNativeTarget "DoDreamTests" */ = {
			isa = XCConfigurationList;
			buildConfigurations = (
				DB7037E8292F4A85000E2881 /* Debug */,
				DB7037E9292F4A85000E2881 /* Release */,
			);
			defaultConfigurationIsVisible = 0;
			defaultConfigurationName = Release;
		};
		DB7037EA292F4A85000E2881 /* Build configuration list for PBXNativeTarget "DoDreamUITests" */ = {
			isa = XCConfigurationList;
			buildConfigurations = (
				DB7037EB292F4A85000E2881 /* Debug */,
				DB7037EC292F4A85000E2881 /* Release */,
			);
			defaultConfigurationIsVisible = 0;
			defaultConfigurationName = Release;
		};
/* End XCConfigurationList section */

/* Begin XCRemoteSwiftPackageReference section */
		DB748C7F29681B7D002DD920 /* XCRemoteSwiftPackageReference "ElegantCalendar" */ = {
			isa = XCRemoteSwiftPackageReference;
			repositoryURL = "https://github.com/ThasianX/ElegantCalendar";
			requirement = {
				kind = upToNextMajorVersion;
				minimumVersion = 4.0.0;
			};
		};
/* End XCRemoteSwiftPackageReference section */

/* Begin XCSwiftPackageProductDependency section */
		DB748C8029681B7D002DD920 /* ElegantCalendar */ = {
			isa = XCSwiftPackageProductDependency;
			package = DB748C7F29681B7D002DD920 /* XCRemoteSwiftPackageReference "ElegantCalendar" */;
			productName = ElegantCalendar;
		};
/* End XCSwiftPackageProductDependency section */

/* Begin XCVersionGroup section */
		DBBFA93E2968693700A72B53 /* Task_Manager.xcdatamodeld */ = {
			isa = XCVersionGroup;
			children = (
				DBBFA93F2968693700A72B53 /* Shared.xcdatamodel */,
			);
			currentVersion = DBBFA93F2968693700A72B53 /* Shared.xcdatamodel */;
			path = Task_Manager.xcdatamodeld;
			sourceTree = "<group>";
			versionGroupType = wrapper.xcdatamodel;
		};
/* End XCVersionGroup section */
	};
	rootObject = DB7037B8292F4A84000E2881 /* Project object */;
}
